
Microsoft Visual Studio Solution File, Format Version 12.00
# Visual Studio 14
VisualStudioVersion = 14.0.25420.1
MinimumVisualStudioVersion = 10.0.40219.1
Project("{FAE04EC0-301F-11D3-BF4B-00C04F79EFBC}") = "WhoAmI.Droid", "WhoAmI\WhoAmI.Droid\WhoAmI.Droid.csproj", "{BFC4FEB4-A2BB-4940-A314-53C5CF9C26C0}"
EndProject
Project("{FAE04EC0-301F-11D3-BF4B-00C04F79EFBC}") = "WhoAmI.iOS", "WhoAmI\WhoAmI.iOS\WhoAmI.iOS.csproj", "{09809F7E-C41D-4FDD-86FB-E72F8CA546DE}"
EndProject
Project("{FAE04EC0-301F-11D3-BF4B-00C04F79EFBC}") = "WhoAmI.WinPhone", "WhoAmI\WhoAmI.WinPhone\WhoAmI.WinPhone.csproj", "{771C3ABF-8D97-4603-8256-AEFCF4757889}"
EndProject
Project("{FAE04EC0-301F-11D3-BF4B-00C04F79EFBC}") = "WhoAmI", "WhoAmI\WhoAmI\WhoAmI.csproj", "{23301641-A13C-4314-892F-B725AF514A93}"
EndProject
Project("{FAE04EC0-301F-11D3-BF4B-00C04F79EFBC}") = "WhoAmI.UWP", "WhoAmI.UWP\WhoAmI.UWP.csproj", "{8307EB44-5EB7-4251-B0DB-60AFBC2E49D9}"
	ProjectSection(ProjectDependencies) = postProject
		{23301641-A13C-4314-892F-B725AF514A93} = {23301641-A13C-4314-892F-B725AF514A93}
	EndProjectSection
EndProject
Global
	GlobalSection(SolutionConfigurationPlatforms) = preSolution
		Debug|Any CPU = Debug|Any CPU
		Debug|ARM = Debug|ARM
		Debug|iPhone = Debug|iPhone
		Debug|iPhoneSimulator = Debug|iPhoneSimulator
		Debug|x64 = Debug|x64
		Debug|x86 = Debug|x86
		Release|Any CPU = Release|Any CPU
		Release|ARM = Release|ARM
		Release|iPhone = Release|iPhone
		Release|iPhoneSimulator = Release|iPhoneSimulator
		Release|x64 = Release|x64
		Release|x86 = Release|x86
	EndGlobalSection
	GlobalSection(ProjectConfigurationPlatforms) = postSolution
		{BFC4FEB4-A2BB-4940-A314-53C5CF9C26C0}.Debug|Any CPU.ActiveCfg = Debug|Any CPU
		{BFC4FEB4-A2BB-4940-A314-53C5CF9C26C0}.Debug|Any CPU.Build.0 = Debug|Any CPU
		{BFC4FEB4-A2BB-4940-A314-53C5CF9C26C0}.Debug|Any CPU.Deploy.0 = Debug|Any CPU
		{BFC4FEB4-A2BB-4940-A314-53C5CF9C26C0}.Debug|ARM.ActiveCfg = Debug|Any CPU
		{BFC4FEB4-A2BB-4940-A314-53C5CF9C26C0}.Debug|ARM.Build.0 = Debug|Any CPU
		{BFC4FEB4-A2BB-4940-A314-53C5CF9C26C0}.Debug|ARM.Deploy.0 = Debug|Any CPU
		{BFC4FEB4-A2BB-4940-A314-53C5CF9C26C0}.Debug|iPhone.ActiveCfg = Debug|Any CPU
		{BFC4FEB4-A2BB-4940-A314-53C5CF9C26C0}.Debug|iPhone.Build.0 = Debug|Any CPU
		{BFC4FEB4-A2BB-4940-A314-53C5CF9C26C0}.Debug|iPhone.Deploy.0 = Debug|Any CPU
		{BFC4FEB4-A2BB-4940-A314-53C5CF9C26C0}.Debug|iPhoneSimulator.ActiveCfg = Debug|Any CPU
		{BFC4FEB4-A2BB-4940-A314-53C5CF9C26C0}.Debug|iPhoneSimulator.Build.0 = Debug|Any CPU
		{BFC4FEB4-A2BB-4940-A314-53C5CF9C26C0}.Debug|iPhoneSimulator.Deploy.0 = Debug|Any CPU
		{BFC4FEB4-A2BB-4940-A314-53C5CF9C26C0}.Debug|x64.ActiveCfg = Debug|Any CPU
		{BFC4FEB4-A2BB-4940-A314-53C5CF9C26C0}.Debug|x64.Build.0 = Debug|Any CPU
		{BFC4FEB4-A2BB-4940-A314-53C5CF9C26C0}.Debug|x64.Deploy.0 = Debug|Any CPU
		{BFC4FEB4-A2BB-4940-A314-53C5CF9C26C0}.Debug|x86.ActiveCfg = Debug|Any CPU
		{BFC4FEB4-A2BB-4940-A314-53C5CF9C26C0}.Debug|x86.Build.0 = Debug|Any CPU
		{BFC4FEB4-A2BB-4940-A314-53C5CF9C26C0}.Debug|x86.Deploy.0 = Debug|Any CPU
		{BFC4FEB4-A2BB-4940-A314-53C5CF9C26C0}.Release|Any CPU.ActiveCfg = Release|Any CPU
		{BFC4FEB4-A2BB-4940-A314-53C5CF9C26C0}.Release|Any CPU.Build.0 = Release|Any CPU
		{BFC4FEB4-A2BB-4940-A314-53C5CF9C26C0}.Release|Any CPU.Deploy.0 = Release|Any CPU
		{BFC4FEB4-A2BB-4940-A314-53C5CF9C26C0}.Release|ARM.ActiveCfg = Release|Any CPU
		{BFC4FEB4-A2BB-4940-A314-53C5CF9C26C0}.Release|ARM.Build.0 = Release|Any CPU
		{BFC4FEB4-A2BB-4940-A314-53C5CF9C26C0}.Release|ARM.Deploy.0 = Release|Any CPU
		{BFC4FEB4-A2BB-4940-A314-53C5CF9C26C0}.Release|iPhone.ActiveCfg = Release|Any CPU
		{BFC4FEB4-A2BB-4940-A314-53C5CF9C26C0}.Release|iPhone.Build.0 = Release|Any CPU
		{BFC4FEB4-A2BB-4940-A314-53C5CF9C26C0}.Release|iPhone.Deploy.0 = Release|Any CPU
		{BFC4FEB4-A2BB-4940-A314-53C5CF9C26C0}.Release|iPhoneSimulator.ActiveCfg = Release|Any CPU
		{BFC4FEB4-A2BB-4940-A314-53C5CF9C26C0}.Release|iPhoneSimulator.Build.0 = Release|Any CPU
		{BFC4FEB4-A2BB-4940-A314-53C5CF9C26C0}.Release|iPhoneSimulator.Deploy.0 = Release|Any CPU
		{BFC4FEB4-A2BB-4940-A314-53C5CF9C26C0}.Release|x64.ActiveCfg = Release|Any CPU
		{BFC4FEB4-A2BB-4940-A314-53C5CF9C26C0}.Release|x64.Build.0 = Release|Any CPU
		{BFC4FEB4-A2BB-4940-A314-53C5CF9C26C0}.Release|x64.Deploy.0 = Release|Any CPU
		{BFC4FEB4-A2BB-4940-A314-53C5CF9C26C0}.Release|x86.ActiveCfg = Release|Any CPU
		{BFC4FEB4-A2BB-4940-A314-53C5CF9C26C0}.Release|x86.Build.0 = Release|Any CPU
		{BFC4FEB4-A2BB-4940-A314-53C5CF9C26C0}.Release|x86.Deploy.0 = Release|Any CPU
		{09809F7E-C41D-4FDD-86FB-E72F8CA546DE}.Debug|Any CPU.ActiveCfg = Debug|iPhone
		{09809F7E-C41D-4FDD-86FB-E72F8CA546DE}.Debug|ARM.ActiveCfg = Debug|iPhone
		{09809F7E-C41D-4FDD-86FB-E72F8CA546DE}.Debug|iPhone.ActiveCfg = Debug|iPhone
		{09809F7E-C41D-4FDD-86FB-E72F8CA546DE}.Debug|iPhone.Build.0 = Debug|iPhone
		{09809F7E-C41D-4FDD-86FB-E72F8CA546DE}.Debug|iPhoneSimulator.ActiveCfg = Debug|iPhoneSimulator
		{09809F7E-C41D-4FDD-86FB-E72F8CA546DE}.Debug|iPhoneSimulator.Build.0 = Debug|iPhoneSimulator
		{09809F7E-C41D-4FDD-86FB-E72F8CA546DE}.Debug|x64.ActiveCfg = Debug|iPhone
		{09809F7E-C41D-4FDD-86FB-E72F8CA546DE}.Debug|x86.ActiveCfg = Debug|iPhone
		{09809F7E-C41D-4FDD-86FB-E72F8CA546DE}.Release|Any CPU.ActiveCfg = Release|iPhone
		{09809F7E-C41D-4FDD-86FB-E72F8CA546DE}.Release|ARM.ActiveCfg = Release|iPhone
		{09809F7E-C41D-4FDD-86FB-E72F8CA546DE}.Release|iPhone.ActiveCfg = Release|iPhone
		{09809F7E-C41D-4FDD-86FB-E72F8CA546DE}.Release|iPhone.Build.0 = Release|iPhone
		{09809F7E-C41D-4FDD-86FB-E72F8CA546DE}.Release|iPhoneSimulator.ActiveCfg = Release|iPhoneSimulator
		{09809F7E-C41D-4FDD-86FB-E72F8CA546DE}.Release|iPhoneSimulator.Build.0 = Release|iPhoneSimulator
		{09809F7E-C41D-4FDD-86FB-E72F8CA546DE}.Release|x64.ActiveCfg = Release|iPhone
		{09809F7E-C41D-4FDD-86FB-E72F8CA546DE}.Release|x86.ActiveCfg = Release|iPhone
		{771C3ABF-8D97-4603-8256-AEFCF4757889}.Debug|Any CPU.ActiveCfg = Debug|Any CPU
		{771C3ABF-8D97-4603-8256-AEFCF4757889}.Debug|Any CPU.Build.0 = Debug|Any CPU
		{771C3ABF-8D97-4603-8256-AEFCF4757889}.Debug|Any CPU.Deploy.0 = Debug|Any CPU
		{771C3ABF-8D97-4603-8256-AEFCF4757889}.Debug|ARM.ActiveCfg = Debug|ARM
		{771C3ABF-8D97-4603-8256-AEFCF4757889}.Debug|ARM.Build.0 = Debug|ARM
		{771C3ABF-8D97-4603-8256-AEFCF4757889}.Debug|ARM.Deploy.0 = Debug|ARM
		{771C3ABF-8D97-4603-8256-AEFCF4757889}.Debug|iPhone.ActiveCfg = Debug|Any CPU
		{771C3ABF-8D97-4603-8256-AEFCF4757889}.Debug|iPhone.Build.0 = Debug|Any CPU
		{771C3ABF-8D97-4603-8256-AEFCF4757889}.Debug|iPhone.Deploy.0 = Debug|Any CPU
		{771C3ABF-8D97-4603-8256-AEFCF4757889}.Debug|iPhoneSimulator.ActiveCfg = Debug|Any CPU
		{771C3ABF-8D97-4603-8256-AEFCF4757889}.Debug|iPhoneSimulator.Build.0 = Debug|Any CPU
		{771C3ABF-8D97-4603-8256-AEFCF4757889}.Debug|iPhoneSimulator.Deploy.0 = Debug|Any CPU
		{771C3ABF-8D97-4603-8256-AEFCF4757889}.Debug|x64.ActiveCfg = Debug|Any CPU
		{771C3ABF-8D97-4603-8256-AEFCF4757889}.Debug|x64.Build.0 = Debug|Any CPU
		{771C3ABF-8D97-4603-8256-AEFCF4757889}.Debug|x64.Deploy.0 = Debug|Any CPU
		{771C3ABF-8D97-4603-8256-AEFCF4757889}.Debug|x86.ActiveCfg = Debug|x86
		{771C3ABF-8D97-4603-8256-AEFCF4757889}.Debug|x86.Build.0 = Debug|x86
		{771C3ABF-8D97-4603-8256-AEFCF4757889}.Debug|x86.Deploy.0 = Debug|x86
		{771C3ABF-8D97-4603-8256-AEFCF4757889}.Release|Any CPU.ActiveCfg = Release|Any CPU
		{771C3ABF-8D97-4603-8256-AEFCF4757889}.Release|Any CPU.Build.0 = Release|Any CPU
		{771C3ABF-8D97-4603-8256-AEFCF4757889}.Release|Any CPU.Deploy.0 = Release|Any CPU
		{771C3ABF-8D97-4603-8256-AEFCF4757889}.Release|ARM.ActiveCfg = Release|ARM
		{771C3ABF-8D97-4603-8256-AEFCF4757889}.Release|ARM.Build.0 = Release|ARM
		{771C3ABF-8D97-4603-8256-AEFCF4757889}.Release|ARM.Deploy.0 = Release|ARM
		{771C3ABF-8D97-4603-8256-AEFCF4757889}.Release|iPhone.ActiveCfg = Release|Any CPU
		{771C3ABF-8D97-4603-8256-AEFCF4757889}.Release|iPhone.Build.0 = Release|Any CPU
		{771C3ABF-8D97-4603-8256-AEFCF4757889}.Release|iPhone.Deploy.0 = Release|Any CPU
		{771C3ABF-8D97-4603-8256-AEFCF4757889}.Release|iPhoneSimulator.ActiveCfg = Release|Any CPU
		{771C3ABF-8D97-4603-8256-AEFCF4757889}.Release|iPhoneSimulator.Build.0 = Release|Any CPU
		{771C3ABF-8D97-4603-8256-AEFCF4757889}.Release|iPhoneSimulator.Deploy.0 = Release|Any CPU
		{771C3ABF-8D97-4603-8256-AEFCF4757889}.Release|x64.ActiveCfg = Release|Any CPU
		{771C3ABF-8D97-4603-8256-AEFCF4757889}.Release|x64.Build.0 = Release|Any CPU
		{771C3ABF-8D97-4603-8256-AEFCF4757889}.Release|x64.Deploy.0 = Release|Any CPU
		{771C3ABF-8D97-4603-8256-AEFCF4757889}.Release|x86.ActiveCfg = Release|x86
		{771C3ABF-8D97-4603-8256-AEFCF4757889}.Release|x86.Build.0 = Release|x86
		{771C3ABF-8D97-4603-8256-AEFCF4757889}.Release|x86.Deploy.0 = Release|x86
		{23301641-A13C-4314-892F-B725AF514A93}.Debug|Any CPU.ActiveCfg = Debug|Any CPU
		{23301641-A13C-4314-892F-B725AF514A93}.Debug|Any CPU.Build.0 = Debug|Any CPU
		{23301641-A13C-4314-892F-B725AF514A93}.Debug|ARM.ActiveCfg = Debug|Any CPU
		{23301641-A13C-4314-892F-B725AF514A93}.Debug|ARM.Build.0 = Debug|Any CPU
		{23301641-A13C-4314-892F-B725AF514A93}.Debug|iPhone.ActiveCfg = Debug|Any CPU
		{23301641-A13C-4314-892F-B725AF514A93}.Debug|iPhone.Build.0 = Debug|Any CPU
		{23301641-A13C-4314-892F-B725AF514A93}.Debug|iPhoneSimulator.ActiveCfg = Debug|Any CPU
		{23301641-A13C-4314-892F-B725AF514A93}.Debug|iPhoneSimulator.Build.0 = Debug|Any CPU
		{23301641-A13C-4314-892F-B725AF514A93}.Debug|x64.ActiveCfg = Debug|Any CPU
		{23301641-A13C-4314-892F-B725AF514A93}.Debug|x64.Build.0 = Debug|Any CPU
		{23301641-A13C-4314-892F-B725AF514A93}.Debug|x86.ActiveCfg = Debug|Any CPU
		{23301641-A13C-4314-892F-B725AF514A93}.Debug|x86.Build.0 = Debug|Any CPU
		{23301641-A13C-4314-892F-B725AF514A93}.Release|Any CPU.ActiveCfg = Release|Any CPU
		{23301641-A13C-4314-892F-B725AF514A93}.Release|Any CPU.Build.0 = Release|Any CPU
		{23301641-A13C-4314-892F-B725AF514A93}.Release|ARM.ActiveCfg = Release|Any CPU
		{23301641-A13C-4314-892F-B725AF514A93}.Release|ARM.Build.0 = Release|Any CPU
		{23301641-A13C-4314-892F-B725AF514A93}.Release|iPhone.ActiveCfg = Release|Any CPU
		{23301641-A13C-4314-892F-B725AF514A93}.Release|iPhone.Build.0 = Release|Any CPU
		{23301641-A13C-4314-892F-B725AF514A93}.Release|iPhoneSimulator.ActiveCfg = Release|Any CPU
		{23301641-A13C-4314-892F-B725AF514A93}.Release|iPhoneSimulator.Build.0 = Release|Any CPU
		{23301641-A13C-4314-892F-B725AF514A93}.Release|x64.ActiveCfg = Release|Any CPU
		{23301641-A13C-4314-892F-B725AF514A93}.Release|x64.Build.0 = Release|Any CPU
		{23301641-A13C-4314-892F-B725AF514A93}.Release|x86.ActiveCfg = Release|Any CPU
		{23301641-A13C-4314-892F-B725AF514A93}.Release|x86.Build.0 = Release|Any CPU
		{8307EB44-5EB7-4251-B0DB-60AFBC2E49D9}.Debug|Any CPU.ActiveCfg = Debug|x86
		{8307EB44-5EB7-4251-B0DB-60AFBC2E49D9}.Debug|ARM.ActiveCfg = Debug|ARM
		{8307EB44-5EB7-4251-B0DB-60AFBC2E49D9}.Debug|ARM.Build.0 = Debug|ARM
		{8307EB44-5EB7-4251-B0DB-60AFBC2E49D9}.Debug|ARM.Deploy.0 = Debug|ARM
		{8307EB44-5EB7-4251-B0DB-60AFBC2E49D9}.Debug|iPhone.ActiveCfg = Debug|x86
		{8307EB44-5EB7-4251-B0DB-60AFBC2E49D9}.Debug|iPhoneSimulator.ActiveCfg = Debug|x86
		{8307EB44-5EB7-4251-B0DB-60AFBC2E49D9}.Debug|x64.ActiveCfg = Debug|x64
		{8307EB44-5EB7-4251-B0DB-60AFBC2E49D9}.Debug|x64.Build.0 = Debug|x64
		{8307EB44-5EB7-4251-B0DB-60AFBC2E49D9}.Debug|x64.Deploy.0 = Debug|x64
		{8307EB44-5EB7-4251-B0DB-60AFBC2E49D9}.Debug|x86.ActiveCfg = Debug|x86
		{8307EB44-5EB7-4251-B0DB-60AFBC2E49D9}.Debug|x86.Build.0 = Debug|x86
		{8307EB44-5EB7-4251-B0DB-60AFBC2E49D9}.Debug|x86.Deploy.0 = Debug|x86
		{8307EB44-5EB7-4251-B0DB-60AFBC2E49D9}.Release|Any CPU.ActiveCfg = Release|x86
		{8307EB44-5EB7-4251-B0DB-60AFBC2E49D9}.Release|ARM.ActiveCfg = Release|ARM
		{8307EB44-5EB7-4251-B0DB-60AFBC2E49D9}.Release|ARM.Build.0 = Release|ARM
		{8307EB44-5EB7-4251-B0DB-60AFBC2E49D9}.Release|ARM.Deploy.0 = Release|ARM
		{8307EB44-5EB7-4251-B0DB-60AFBC2E49D9}.Release|iPhone.ActiveCfg = Release|x86
		{8307EB44-5EB7-4251-B0DB-60AFBC2E49D9}.Release|iPhoneSimulator.ActiveCfg = Release|x86
		{8307EB44-5EB7-4251-B0DB-60AFBC2E49D9}.Release|x64.ActiveCfg = Release|x64
		{8307EB44-5EB7-4251-B0DB-60AFBC2E49D9}.Release|x64.Build.0 = Release|x64
		{8307EB44-5EB7-4251-B0DB-60AFBC2E49D9}.Release|x64.Deploy.0 = Release|x64
		{8307EB44-5EB7-4251-B0DB-60AFBC2E49D9}.Release|x86.ActiveCfg = Release|x86
		{8307EB44-5EB7-4251-B0DB-60AFBC2E49D9}.Release|x86.Build.0 = Release|x86
		{8307EB44-5EB7-4251-B0DB-60AFBC2E49D9}.Release|x86.Deploy.0 = Release|x86
	EndGlobalSection
	GlobalSection(SolutionProperties) = preSolution
		HideSolutionNode = FALSE
	EndGlobalSection
EndGlobal
